
Microsoft Visual Studio Solution File, Format Version 12.00
# Visual Studio Version 17
VisualStudioVersion = 17.0.32014.148
MinimumVisualStudioVersion = 10.0.40219.1
Project("{FAE04EC0-301F-11D3-BF4B-00C04F79EFBC}") = "Zadanie1Prototyp", "Zadanie1Prototyp\Zadanie1Prototyp.csproj", "{90A7FA19-D656-4E65-B33D-5973DB7B041B}"
EndProject
Global
	GlobalSection(SolutionConfigurationPlatforms) = preSolution
		Debug|Any CPU = Debug|Any CPU
		Release|Any CPU = Release|Any CPU
	EndGlobalSection
	GlobalSection(ProjectConfigurationPlatforms) = postSolution
		{90A7FA19-D656-4E65-B33D-5973DB7B041B}.Debug|Any CPU.ActiveCfg = Debug|Any CPU
		{90A7FA19-D656-4E65-B33D-5973DB7B041B}.Debug|Any CPU.Build.0 = Debug|Any CPU
		{90A7FA19-D656-4E65-B33D-5973DB7B041B}.Release|Any CPU.ActiveCfg = Release|Any CPU
		{90A7FA19-D656-4E65-B33D-5973DB7B041B}.Release|Any CPU.Build.0 = Release|Any CPU
	EndGlobalSection
	GlobalSection(SolutionProperties) = preSolution
		HideSolutionNode = FALSE
	EndGlobalSection
	GlobalSection(ExtensibilityGlobals) = postSolution
		SolutionGuid = {2A5F23AC-D4E4-49BF-9F68-7F3D0AD9F4C1}
	EndGlobalSection
EndGlobal
